dependencies:
- name: postgresql
  repository: https://charts.bitnami.com/bitnami/
  version: 12.11.2
- name: rabbitmq
  repository: https://charts.bitnami.com/bitnami/
  version: 12.1.7
digest: sha256:632c05795534e4ea9a7af2ccddb6ca88968d49eb85c3ccd479ba2509dffb6f97
generated: "2023-11-02T16:36:51.587369906+01:00"
