dependencies:
- name: postgresql
  repository: https://charts.bitnami.com/bitnami/
  version: 12.11.2
- name: rabbitmq
  repository: https://charts.bitnami.com/bitnami/
  version: 12.1.4
digest: sha256:d4a4c0c3ea33e653b9d89f03722b52687128d7532d9dc0e408f6ba4960439c1f
generated: "2023-09-19T14:06:17.738408641+02:00"
