dependencies:
- name: postgresql
  repository: oci://registry-1.docker.io/bitnamicharts
  version: 12.11.2
- name: rabbitmq
  repository: oci://registry-1.docker.io/bitnamicharts
  version: 12.1.7
digest: sha256:19953586f12a67b832c6706513cf14033bdfb65c97d9f2e7b6d5c9775efb005f
generated: "2024-02-09T16:03:20.017713783+01:00"
