dependencies:
- name: postgresql
  repository: oci://registry-1.docker.io/bitnamicharts
  version: 15.5.2
- name: rabbitmq
  repository: oci://registry-1.docker.io/bitnamicharts
  version: 14.4.0
digest: sha256:37ee18f6216ee19da1dd5b01ab977d0df4cfc61c8323094a3576877a3fb48241
generated: "2024-06-06T13:49:34.646844546+02:00"
